// !$*UTF8*$!
{
	archiveVersion = 1;
	classes = {
	};
	objectVersion = 51;
	objects = {

/* Begin PBXBuildFile section */
		51FDCA9E2F67AC5002C2779B /* Pods_SingaporeProject.framework in Frameworks */ = {isa = PBXBuildFile; fileRef = DDAA080908765DFA08612A0E /* Pods_SingaporeProject.framework */; };
		7AB0371F557C9D0B17748F68 /* Pods_SingaporeProjectTests.framework in Frameworks */ = {isa = PBXBuildFile; fileRef = F5400508A0B0908271B4FAE3 /* Pods_SingaporeProjectTests.framework */; };
		A0DB9063233F750E007874B3 /* GameStartViewController.swift in Sources */ = {isa = PBXBuildFile; fileRef = A0DB9061233F7490007874B3 /* GameStartViewController.swift */; };
		BA0A65F5233F572C00B7D4B1 /* Home.storyboard in Resources */ = {isa = PBXBuildFile; fileRef = BA0A65F4233F572C00B7D4B1 /* Home.storyboard */; };
		BA0A65F7233F575700B7D4B1 /* HomeViewController.swift in Sources */ = {isa = PBXBuildFile; fileRef = BA0A65F6233F575700B7D4B1 /* HomeViewController.swift */; };
		BA0A65F9233F576B00B7D4B1 /* ItemDetail.storyboard in Resources */ = {isa = PBXBuildFile; fileRef = BA0A65F8233F576B00B7D4B1 /* ItemDetail.storyboard */; };
		BA0A65FB233F578E00B7D4B1 /* ItemDetailViewController.swift in Sources */ = {isa = PBXBuildFile; fileRef = BA0A65FA233F578E00B7D4B1 /* ItemDetailViewController.swift */; };
		BA0A65FD233F581E00B7D4B1 /* GameStart.storyboard in Resources */ = {isa = PBXBuildFile; fileRef = BA0A65FC233F581E00B7D4B1 /* GameStart.storyboard */; };
		BA0A6601233F583E00B7D4B1 /* GameViewModel.swift in Sources */ = {isa = PBXBuildFile; fileRef = BA0A6600233F583E00B7D4B1 /* GameViewModel.swift */; };
		BA0A6603233F596200B7D4B1 /* Camera.storyboard in Resources */ = {isa = PBXBuildFile; fileRef = BA0A6602233F596200B7D4B1 /* Camera.storyboard */; };
		BA0A6605233F597F00B7D4B1 /* CameraViewController.swift in Sources */ = {isa = PBXBuildFile; fileRef = BA0A6604233F597F00B7D4B1 /* CameraViewController.swift */; };
		BA0A6607233F598900B7D4B1 /* CameraViewModel.swift in Sources */ = {isa = PBXBuildFile; fileRef = BA0A6606233F598900B7D4B1 /* CameraViewModel.swift */; };
		BA0A6609233F599A00B7D4B1 /* GamePlayer.storyboard in Resources */ = {isa = PBXBuildFile; fileRef = BA0A6608233F599A00B7D4B1 /* GamePlayer.storyboard */; };
		BA0A660B233F59C100B7D4B1 /* GamePlayerViewController.swift in Sources */ = {isa = PBXBuildFile; fileRef = BA0A660A233F59C100B7D4B1 /* GamePlayerViewController.swift */; };
		BA0A660F233F5A1B00B7D4B1 /* GameFinish.storyboard in Resources */ = {isa = PBXBuildFile; fileRef = BA0A660E233F5A1B00B7D4B1 /* GameFinish.storyboard */; };
		BA0A6611233F5A4400B7D4B1 /* GameFinishViewController.swift in Sources */ = {isa = PBXBuildFile; fileRef = BA0A6610233F5A4400B7D4B1 /* GameFinishViewController.swift */; };
		BA0A6614233FAF3600B7D4B1 /* CameraConfirm.storyboard in Resources */ = {isa = PBXBuildFile; fileRef = BA0A6613233FAF3600B7D4B1 /* CameraConfirm.storyboard */; };
		BA0A6616233FBC7A00B7D4B1 /* UIView+Gradation.swift in Sources */ = {isa = PBXBuildFile; fileRef = BA0A6615233FBC7A00B7D4B1 /* UIView+Gradation.swift */; };
		BA0A6618233FBDE000B7D4B1 /* CameraConfirmViewController.swift in Sources */ = {isa = PBXBuildFile; fileRef = BA0A6617233FBDE000B7D4B1 /* CameraConfirmViewController.swift */; };
		BA0A661C2340416400B7D4B1 /* art.scnassets in Resources */ = {isa = PBXBuildFile; fileRef = BA0A661B2340416300B7D4B1 /* art.scnassets */; };
		BA0A661E2340452F00B7D4B1 /* MobileNet.mlmodel in Sources */ = {isa = PBXBuildFile; fileRef = BA0A661D2340452E00B7D4B1 /* MobileNet.mlmodel */; };
		BA0A66202340470000B7D4B1 /* UIImage+extension.swift in Sources */ = {isa = PBXBuildFile; fileRef = BA0A661F2340470000B7D4B1 /* UIImage+extension.swift */; };
		BA0A66232340525000B7D4B1 /* Purchase.storyboard in Resources */ = {isa = PBXBuildFile; fileRef = BA0A66222340525000B7D4B1 /* Purchase.storyboard */; };
		BA0A66252340533200B7D4B1 /* PurchaseViewController.swift in Sources */ = {isa = PBXBuildFile; fileRef = BA0A66242340533200B7D4B1 /* PurchaseViewController.swift */; };
		BA0A6627234054C400B7D4B1 /* PurchaseTableCell.xib in Resources */ = {isa = PBXBuildFile; fileRef = BA0A6626234054C400B7D4B1 /* PurchaseTableCell.xib */; };
		BA0A662A2340555000B7D4B1 /* Marketing.storyboard in Resources */ = {isa = PBXBuildFile; fileRef = BA0A66292340555000B7D4B1 /* Marketing.storyboard */; };
		BA0A662C2340678D00B7D4B1 /* MarketingViewController.swift in Sources */ = {isa = PBXBuildFile; fileRef = BA0A662B2340678D00B7D4B1 /* MarketingViewController.swift */; };
		BA0A662E234068BA00B7D4B1 /* MarketingViewModel.swift in Sources */ = {isa = PBXBuildFile; fileRef = BA0A662D234068BA00B7D4B1 /* MarketingViewModel.swift */; };
		BA765641233DAA7400C0ADD1 /* R.generated.swift in Sources */ = {isa = PBXBuildFile; fileRef = BA765640233DAA7300C0ADD1 /* R.generated.swift */; };
		BA76564A233DB26800C0ADD1 /* GoogleService-Info.plist in Resources */ = {isa = PBXBuildFile; fileRef = BA765649233DB26800C0ADD1 /* GoogleService-Info.plist */; };
		BA76564F233DB85300C0ADD1 /* FirestoreManager.swift in Sources */ = {isa = PBXBuildFile; fileRef = BA76564E233DB85300C0ADD1 /* FirestoreManager.swift */; };
		BA76565F233DC45000C0ADD1 /* CustomPresentationController.swift in Sources */ = {isa = PBXBuildFile; fileRef = BA76565E233DC45000C0ADD1 /* CustomPresentationController.swift */; };
		BACCF55A233C8571000E83C8 /* AppDelegate.swift in Sources */ = {isa = PBXBuildFile; fileRef = BACCF559233C8571000E83C8 /* AppDelegate.swift */; };
		BACCF561233C8572000E83C8 /* Assets.xcassets in Resources */ = {isa = PBXBuildFile; fileRef = BACCF560233C8572000E83C8 /* Assets.xcassets */; };
		BACCF564233C8572000E83C8 /* LaunchScreen.storyboard in Resources */ = {isa = PBXBuildFile; fileRef = BACCF562233C8572000E83C8 /* LaunchScreen.storyboard */; };
		BACCF56F233C8572000E83C8 /* SingaporeProjectTests.swift in Sources */ = {isa = PBXBuildFile; fileRef = BACCF56E233C8572000E83C8 /* SingaporeProjectTests.swift */; };
		BACCF57A233C8572000E83C8 /* SingaporeProjectUITests.swift in Sources */ = {isa = PBXBuildFile; fileRef = BACCF579233C8572000E83C8 /* SingaporeProjectUITests.swift */; };
		BACCF589233C8854000E83C8 /* Alamofire.framework in Frameworks */ = {isa = PBXBuildFile; fileRef = BACCF588233C8854000E83C8 /* Alamofire.framework */; };
		BACCF58D233C886C000E83C8 /* AlamofireObjectMapper.framework in Frameworks */ = {isa = PBXBuildFile; fileRef = BACCF58C233C886C000E83C8 /* AlamofireObjectMapper.framework */; };
		BACCF58F233C887D000E83C8 /* FloatingPanel.framework in Frameworks */ = {isa = PBXBuildFile; fileRef = BACCF58E233C887D000E83C8 /* FloatingPanel.framework */; };
		BACCF591233C888C000E83C8 /* Kingfisher.framework in Frameworks */ = {isa = PBXBuildFile; fileRef = BACCF590233C888C000E83C8 /* Kingfisher.framework */; };
		BACCF593233C889B000E83C8 /* ObjectMapper.framework in Frameworks */ = {isa = PBXBuildFile; fileRef = BACCF592233C889B000E83C8 /* ObjectMapper.framework */; };
		BACCF595233C88AD000E83C8 /* RxCocoa.framework in Frameworks */ = {isa = PBXBuildFile; fileRef = BACCF594233C88AD000E83C8 /* RxCocoa.framework */; };
		BACCF597233C88BC000E83C8 /* RxSwift.framework in Frameworks */ = {isa = PBXBuildFile; fileRef = BACCF596233C88BC000E83C8 /* RxSwift.framework */; };
		BACCF599233C88CD000E83C8 /* SnapKit.framework in Frameworks */ = {isa = PBXBuildFile; fileRef = BACCF598233C88CD000E83C8 /* SnapKit.framework */; };
		BACCF59B233C88DD000E83C8 /* SVProgressHUD.framework in Frameworks */ = {isa = PBXBuildFile; fileRef = BACCF59A233C88DC000E83C8 /* SVProgressHUD.framework */; };
		BACCF59D233C88EC000E83C8 /* XLPagerTabStrip.framework in Frameworks */ = {isa = PBXBuildFile; fileRef = BACCF59C233C88EC000E83C8 /* XLPagerTabStrip.framework */; };
		EB6E56C1E2D8A39DB3FC8E44 /* Pods_SingaporeProjectUITests.framework in Frameworks */ = {isa = PBXBuildFile; fileRef = 6C8170E6C15368CF2BCD7354 /* Pods_SingaporeProjectUITests.framework */; };
/* End PBXBuildFile section */

/* Begin PBXContainerItemProxy section */
		BACCF56B233C8572000E83C8 /* PBXContainerItemProxy */ = {
			isa = PBXContainerItemProxy;
			containerPortal = BACCF54E233C8571000E83C8 /* Project object */;
			proxyType = 1;
			remoteGlobalIDString = BACCF555233C8571000E83C8;
			remoteInfo = SingaporeProject;
		};
		BACCF576233C8572000E83C8 /* PBXContainerItemProxy */ = {
			isa = PBXContainerItemProxy;
			containerPortal = BACCF54E233C8571000E83C8 /* Project object */;
			proxyType = 1;
			remoteGlobalIDString = BACCF555233C8571000E83C8;
			remoteInfo = SingaporeProject;
		};
/* End PBXContainerItemProxy section */

/* Begin PBXFileReference section */
		2DFCFAFAD5C5A34D1F39DADC /* Pods-SingaporeProjectTests.debug.xcconfig */ = {isa = PBXFileReference; includeInIndex = 1; lastKnownFileType = text.xcconfig; name = "Pods-SingaporeProjectTests.debug.xcconfig"; path = "Target Support Files/Pods-SingaporeProjectTests/Pods-SingaporeProjectTests.debug.xcconfig"; sourceTree = "<group>"; };
		34F5CDDC58E77AEBCDD34391 /* Pods-SingaporeProjectTests.release.xcconfig */ = {isa = PBXFileReference; includeInIndex = 1; lastKnownFileType = text.xcconfig; name = "Pods-SingaporeProjectTests.release.xcconfig"; path = "Target Support Files/Pods-SingaporeProjectTests/Pods-SingaporeProjectTests.release.xcconfig"; sourceTree = "<group>"; };
		602AAC07DBC6A8E01419C17E /* Pods-SingaporeProjectUITests.debug.xcconfig */ = {isa = PBXFileReference; includeInIndex = 1; lastKnownFileType = text.xcconfig; name = "Pods-SingaporeProjectUITests.debug.xcconfig"; path = "Target Support Files/Pods-SingaporeProjectUITests/Pods-SingaporeProjectUITests.debug.xcconfig"; sourceTree = "<group>"; };
		645F046212636E883AE7C6F8 /* Pods-SingaporeProject.release.xcconfig */ = {isa = PBXFileReference; includeInIndex = 1; lastKnownFileType = text.xcconfig; name = "Pods-SingaporeProject.release.xcconfig"; path = "Target Support Files/Pods-SingaporeProject/Pods-SingaporeProject.release.xcconfig"; sourceTree = "<group>"; };
		6C8170E6C15368CF2BCD7354 /* Pods_SingaporeProjectUITests.framework */ = {isa = PBXFileReference; explicitFileType = wrapper.framework; includeInIndex = 0; path = Pods_SingaporeProjectUITests.framework; sourceTree = BUILT_PRODUCTS_DIR; };
		6F469471E77E333F1CBEA385 /* Pods-SingaporeProjectUITests.release.xcconfig */ = {isa = PBXFileReference; includeInIndex = 1; lastKnownFileType = text.xcconfig; name = "Pods-SingaporeProjectUITests.release.xcconfig"; path = "Target Support Files/Pods-SingaporeProjectUITests/Pods-SingaporeProjectUITests.release.xcconfig"; sourceTree = "<group>"; };
		761323094688A38CE5D64C76 /* Pods-SingaporeProject.debug.xcconfig */ = {isa = PBXFileReference; includeInIndex = 1; lastKnownFileType = text.xcconfig; name = "Pods-SingaporeProject.debug.xcconfig"; path = "Target Support Files/Pods-SingaporeProject/Pods-SingaporeProject.debug.xcconfig"; sourceTree = "<group>"; };
		A0DB9061233F7490007874B3 /* GameStartViewController.swift */ = {isa = PBXFileReference; fileEncoding = 4; lastKnownFileType = sourcecode.swift; path = GameStartViewController.swift; sourceTree = "<group>"; };
		BA0A65F4233F572C00B7D4B1 /* Home.storyboard */ = {isa = PBXFileReference; lastKnownFileType = file.storyboard; path = Home.storyboard; sourceTree = "<group>"; };
		BA0A65F6233F575700B7D4B1 /* HomeViewController.swift */ = {isa = PBXFileReference; lastKnownFileType = sourcecode.swift; path = HomeViewController.swift; sourceTree = "<group>"; };
		BA0A65F8233F576B00B7D4B1 /* ItemDetail.storyboard */ = {isa = PBXFileReference; lastKnownFileType = file.storyboard; path = ItemDetail.storyboard; sourceTree = "<group>"; };
		BA0A65FA233F578E00B7D4B1 /* ItemDetailViewController.swift */ = {isa = PBXFileReference; lastKnownFileType = sourcecode.swift; path = ItemDetailViewController.swift; sourceTree = "<group>"; };
		BA0A65FC233F581E00B7D4B1 /* GameStart.storyboard */ = {isa = PBXFileReference; lastKnownFileType = file.storyboard; path = GameStart.storyboard; sourceTree = "<group>"; };
		BA0A6600233F583E00B7D4B1 /* GameViewModel.swift */ = {isa = PBXFileReference; lastKnownFileType = sourcecode.swift; path = GameViewModel.swift; sourceTree = "<group>"; };
		BA0A6602233F596200B7D4B1 /* Camera.storyboard */ = {isa = PBXFileReference; lastKnownFileType = file.storyboard; path = Camera.storyboard; sourceTree = "<group>"; };
		BA0A6604233F597F00B7D4B1 /* CameraViewController.swift */ = {isa = PBXFileReference; lastKnownFileType = sourcecode.swift; path = CameraViewController.swift; sourceTree = "<group>"; };
		BA0A6606233F598900B7D4B1 /* CameraViewModel.swift */ = {isa = PBXFileReference; lastKnownFileType = sourcecode.swift; path = CameraViewModel.swift; sourceTree = "<group>"; };
		BA0A6608233F599A00B7D4B1 /* GamePlayer.storyboard */ = {isa = PBXFileReference; lastKnownFileType = file.storyboard; path = GamePlayer.storyboard; sourceTree = "<group>"; };
		BA0A660A233F59C100B7D4B1 /* GamePlayerViewController.swift */ = {isa = PBXFileReference; lastKnownFileType = sourcecode.swift; path = GamePlayerViewController.swift; sourceTree = "<group>"; };
		BA0A660E233F5A1B00B7D4B1 /* GameFinish.storyboard */ = {isa = PBXFileReference; lastKnownFileType = file.storyboard; path = GameFinish.storyboard; sourceTree = "<group>"; };
		BA0A6610233F5A4400B7D4B1 /* GameFinishViewController.swift */ = {isa = PBXFileReference; lastKnownFileType = sourcecode.swift; path = GameFinishViewController.swift; sourceTree = "<group>"; };
		BA0A6613233FAF3600B7D4B1 /* CameraConfirm.storyboard */ = {isa = PBXFileReference; lastKnownFileType = file.storyboard; path = CameraConfirm.storyboard; sourceTree = "<group>"; };
		BA0A6615233FBC7A00B7D4B1 /* UIView+Gradation.swift */ = {isa = PBXFileReference; lastKnownFileType = sourcecode.swift; path = "UIView+Gradation.swift"; sourceTree = "<group>"; };
		BA0A6617233FBDE000B7D4B1 /* CameraConfirmViewController.swift */ = {isa = PBXFileReference; lastKnownFileType = sourcecode.swift; path = CameraConfirmViewController.swift; sourceTree = "<group>"; };
		BA0A661B2340416300B7D4B1 /* art.scnassets */ = {isa = PBXFileReference; lastKnownFileType = wrapper.scnassets; path = art.scnassets; sourceTree = "<group>"; };
		BA0A661D2340452E00B7D4B1 /* MobileNet.mlmodel */ = {isa = PBXFileReference; lastKnownFileType = file.mlmodel; path = MobileNet.mlmodel; sourceTree = "<group>"; };
		BA0A661F2340470000B7D4B1 /* UIImage+extension.swift */ = {isa = PBXFileReference; lastKnownFileType = sourcecode.swift; path = "UIImage+extension.swift"; sourceTree = "<group>"; };
		BA0A66222340525000B7D4B1 /* Purchase.storyboard */ = {isa = PBXFileReference; lastKnownFileType = file.storyboard; path = Purchase.storyboard; sourceTree = "<group>"; };
		BA0A66242340533200B7D4B1 /* PurchaseViewController.swift */ = {isa = PBXFileReference; lastKnownFileType = sourcecode.swift; path = PurchaseViewController.swift; sourceTree = "<group>"; };
		BA0A6626234054C400B7D4B1 /* PurchaseTableCell.xib */ = {isa = PBXFileReference; lastKnownFileType = file.xib; path = PurchaseTableCell.xib; sourceTree = "<group>"; };
		BA0A66292340555000B7D4B1 /* Marketing.storyboard */ = {isa = PBXFileReference; lastKnownFileType = file.storyboard; path = Marketing.storyboard; sourceTree = "<group>"; };
		BA0A662B2340678D00B7D4B1 /* MarketingViewController.swift */ = {isa = PBXFileReference; lastKnownFileType = sourcecode.swift; path = MarketingViewController.swift; sourceTree = "<group>"; };
		BA0A662D234068BA00B7D4B1 /* MarketingViewModel.swift */ = {isa = PBXFileReference; lastKnownFileType = sourcecode.swift; path = MarketingViewModel.swift; sourceTree = "<group>"; };
		BA765640233DAA7300C0ADD1 /* R.generated.swift */ = {isa = PBXFileReference; fileEncoding = 4; lastKnownFileType = sourcecode.swift; path = R.generated.swift; sourceTree = "<group>"; };
		BA765649233DB26800C0ADD1 /* GoogleService-Info.plist */ = {isa = PBXFileReference; fileEncoding = 4; lastKnownFileType = text.plist.xml; path = "GoogleService-Info.plist"; sourceTree = "<group>"; };
		BA76564E233DB85300C0ADD1 /* FirestoreManager.swift */ = {isa = PBXFileReference; lastKnownFileType = sourcecode.swift; path = FirestoreManager.swift; sourceTree = "<group>"; };
		BA76565E233DC45000C0ADD1 /* CustomPresentationController.swift */ = {isa = PBXFileReference; lastKnownFileType = sourcecode.swift; path = CustomPresentationController.swift; sourceTree = "<group>"; };
		BACCF556233C8571000E83C8 /* SingaporeProject.app */ = {isa = PBXFileReference; explicitFileType = wrapper.application; includeInIndex = 0; path = SingaporeProject.app; sourceTree = BUILT_PRODUCTS_DIR; };
		BACCF559233C8571000E83C8 /* AppDelegate.swift */ = {isa = PBXFileReference; lastKnownFileType = sourcecode.swift; path = AppDelegate.swift; sourceTree = "<group>"; };
		BACCF560233C8572000E83C8 /* Assets.xcassets */ = {isa = PBXFileReference; lastKnownFileType = folder.assetcatalog; path = Assets.xcassets; sourceTree = "<group>"; };
		BACCF563233C8572000E83C8 /* Base */ = {isa = PBXFileReference; lastKnownFileType = file.storyboard; name = Base; path = Base.lproj/LaunchScreen.storyboard; sourceTree = "<group>"; };
		BACCF565233C8572000E83C8 /* Info.plist */ = {isa = PBXFileReference; lastKnownFileType = text.plist.xml; path = Info.plist; sourceTree = "<group>"; };
		BACCF56A233C8572000E83C8 /* SingaporeProjectTests.xctest */ = {isa = PBXFileReference; explicitFileType = wrapper.cfbundle; includeInIndex = 0; path = SingaporeProjectTests.xctest; sourceTree = BUILT_PRODUCTS_DIR; };
		BACCF56E233C8572000E83C8 /* SingaporeProjectTests.swift */ = {isa = PBXFileReference; lastKnownFileType = sourcecode.swift; path = SingaporeProjectTests.swift; sourceTree = "<group>"; };
		BACCF570233C8572000E83C8 /* Info.plist */ = {isa = PBXFileReference; lastKnownFileType = text.plist.xml; path = Info.plist; sourceTree = "<group>"; };
		BACCF575233C8572000E83C8 /* SingaporeProjectUITests.xctest */ = {isa = PBXFileReference; explicitFileType = wrapper.cfbundle; includeInIndex = 0; path = SingaporeProjectUITests.xctest; sourceTree = BUILT_PRODUCTS_DIR; };
		BACCF579233C8572000E83C8 /* SingaporeProjectUITests.swift */ = {isa = PBXFileReference; lastKnownFileType = sourcecode.swift; path = SingaporeProjectUITests.swift; sourceTree = "<group>"; };
		BACCF57B233C8572000E83C8 /* Info.plist */ = {isa = PBXFileReference; lastKnownFileType = text.plist.xml; path = Info.plist; sourceTree = "<group>"; };
		BACCF588233C8854000E83C8 /* Alamofire.framework */ = {isa = PBXFileReference; lastKnownFileType = wrapper.framework; name = Alamofire.framework; path = Carthage/Build/iOS/Alamofire.framework; sourceTree = "<group>"; };
		BACCF58A233C885B000E83C8 /* Build */ = {isa = PBXFileReference; lastKnownFileType = folder; name = Build; path = Carthage/Build; sourceTree = "<group>"; };
		BACCF58C233C886C000E83C8 /* AlamofireObjectMapper.framework */ = {isa = PBXFileReference; lastKnownFileType = wrapper.framework; name = AlamofireObjectMapper.framework; path = Carthage/Build/iOS/AlamofireObjectMapper.framework; sourceTree = "<group>"; };
		BACCF58E233C887D000E83C8 /* FloatingPanel.framework */ = {isa = PBXFileReference; lastKnownFileType = wrapper.framework; name = FloatingPanel.framework; path = Carthage/Build/iOS/FloatingPanel.framework; sourceTree = "<group>"; };
		BACCF590233C888C000E83C8 /* Kingfisher.framework */ = {isa = PBXFileReference; lastKnownFileType = wrapper.framework; name = Kingfisher.framework; path = Carthage/Build/iOS/Kingfisher.framework; sourceTree = "<group>"; };
		BACCF592233C889B000E83C8 /* ObjectMapper.framework */ = {isa = PBXFileReference; lastKnownFileType = wrapper.framework; name = ObjectMapper.framework; path = Carthage/Build/iOS/ObjectMapper.framework; sourceTree = "<group>"; };
		BACCF594233C88AD000E83C8 /* RxCocoa.framework */ = {isa = PBXFileReference; lastKnownFileType = wrapper.framework; name = RxCocoa.framework; path = Carthage/Build/iOS/RxCocoa.framework; sourceTree = "<group>"; };
		BACCF596233C88BC000E83C8 /* RxSwift.framework */ = {isa = PBXFileReference; lastKnownFileType = wrapper.framework; name = RxSwift.framework; path = Carthage/Build/iOS/RxSwift.framework; sourceTree = "<group>"; };
		BACCF598233C88CD000E83C8 /* SnapKit.framework */ = {isa = PBXFileReference; lastKnownFileType = wrapper.framework; name = SnapKit.framework; path = Carthage/Build/iOS/SnapKit.framework; sourceTree = "<group>"; };
		BACCF59A233C88DC000E83C8 /* SVProgressHUD.framework */ = {isa = PBXFileReference; lastKnownFileType = wrapper.framework; name = SVProgressHUD.framework; path = Carthage/Build/iOS/SVProgressHUD.framework; sourceTree = "<group>"; };
		BACCF59C233C88EC000E83C8 /* XLPagerTabStrip.framework */ = {isa = PBXFileReference; lastKnownFileType = wrapper.framework; name = XLPagerTabStrip.framework; path = Carthage/Build/iOS/XLPagerTabStrip.framework; sourceTree = "<group>"; };
		DDAA080908765DFA08612A0E /* Pods_SingaporeProject.framework */ = {isa = PBXFileReference; explicitFileType = wrapper.framework; includeInIndex = 0; path = Pods_SingaporeProject.framework; sourceTree = BUILT_PRODUCTS_DIR; };
		F5400508A0B0908271B4FAE3 /* Pods_SingaporeProjectTests.framework */ = {isa = PBXFileReference; explicitFileType = wrapper.framework; includeInIndex = 0; path = Pods_SingaporeProjectTests.framework; sourceTree = BUILT_PRODUCTS_DIR; };
/* End PBXFileReference section */

/* Begin PBXFrameworksBuildPhase section */
		BACCF553233C8571000E83C8 /* Frameworks */ = {
			isa = PBXFrameworksBuildPhase;
			buildActionMask = 2147483647;
			files = (
				BACCF59D233C88EC000E83C8 /* XLPagerTabStrip.framework in Frameworks */,
				BACCF59B233C88DD000E83C8 /* SVProgressHUD.framework in Frameworks */,
				BACCF599233C88CD000E83C8 /* SnapKit.framework in Frameworks */,
				BACCF597233C88BC000E83C8 /* RxSwift.framework in Frameworks */,
				BACCF595233C88AD000E83C8 /* RxCocoa.framework in Frameworks */,
				BACCF593233C889B000E83C8 /* ObjectMapper.framework in Frameworks */,
				BACCF591233C888C000E83C8 /* Kingfisher.framework in Frameworks */,
				BACCF58F233C887D000E83C8 /* FloatingPanel.framework in Frameworks */,
				BACCF58D233C886C000E83C8 /* AlamofireObjectMapper.framework in Frameworks */,
				BACCF589233C8854000E83C8 /* Alamofire.framework in Frameworks */,
				51FDCA9E2F67AC5002C2779B /* Pods_SingaporeProject.framework in Frameworks */,
			);
			runOnlyForDeploymentPostprocessing = 0;
		};
		BACCF567233C8572000E83C8 /* Frameworks */ = {
			isa = PBXFrameworksBuildPhase;
			buildActionMask = 2147483647;
			files = (
				7AB0371F557C9D0B17748F68 /* Pods_SingaporeProjectTests.framework in Frameworks */,
			);
			runOnlyForDeploymentPostprocessing = 0;
		};
		BACCF572233C8572000E83C8 /* Frameworks */ = {
			isa = PBXFrameworksBuildPhase;
			buildActionMask = 2147483647;
			files = (
				EB6E56C1E2D8A39DB3FC8E44 /* Pods_SingaporeProjectUITests.framework in Frameworks */,
			);
			runOnlyForDeploymentPostprocessing = 0;
		};
/* End PBXFrameworksBuildPhase section */

/* Begin PBXGroup section */
		712F7622595E44FA7BCCDA69 /* Pods */ = {
			isa = PBXGroup;
			children = (
				761323094688A38CE5D64C76 /* Pods-SingaporeProject.debug.xcconfig */,
				645F046212636E883AE7C6F8 /* Pods-SingaporeProject.release.xcconfig */,
				2DFCFAFAD5C5A34D1F39DADC /* Pods-SingaporeProjectTests.debug.xcconfig */,
				34F5CDDC58E77AEBCDD34391 /* Pods-SingaporeProjectTests.release.xcconfig */,
				602AAC07DBC6A8E01419C17E /* Pods-SingaporeProjectUITests.debug.xcconfig */,
				6F469471E77E333F1CBEA385 /* Pods-SingaporeProjectUITests.release.xcconfig */,
			);
			path = Pods;
			sourceTree = "<group>";
		};
		BA0A65EE233F568700B7D4B1 /* Home */ = {
			isa = PBXGroup;
			children = (
				BA0A65F4233F572C00B7D4B1 /* Home.storyboard */,
				BA0A65F6233F575700B7D4B1 /* HomeViewController.swift */,
			);
			path = Home;
			sourceTree = "<group>";
		};
		BA0A65EF233F569000B7D4B1 /* ItemDetail */ = {
			isa = PBXGroup;
			children = (
				BA0A65F8233F576B00B7D4B1 /* ItemDetail.storyboard */,
				BA0A65FA233F578E00B7D4B1 /* ItemDetailViewController.swift */,
			);
			path = ItemDetail;
			sourceTree = "<group>";
		};
		BA0A65F0233F569900B7D4B1 /* Camera */ = {
			isa = PBXGroup;
			children = (
				BA0A6602233F596200B7D4B1 /* Camera.storyboard */,
				BA0A6604233F597F00B7D4B1 /* CameraViewController.swift */,
				BA0A6606233F598900B7D4B1 /* CameraViewModel.swift */,
			);
			path = Camera;
			sourceTree = "<group>";
		};
		BA0A65F1233F570000B7D4B1 /* GameStart */ = {
			isa = PBXGroup;
			children = (
				A0DB9061233F7490007874B3 /* GameStartViewController.swift */,
				BA0A65FC233F581E00B7D4B1 /* GameStart.storyboard */,
				BA0A6600233F583E00B7D4B1 /* GameViewModel.swift */,
			);
			path = GameStart;
			sourceTree = "<group>";
		};
		BA0A65F2233F570D00B7D4B1 /* GamePlayer */ = {
			isa = PBXGroup;
			children = (
				BA0A6608233F599A00B7D4B1 /* GamePlayer.storyboard */,
				BA0A660A233F59C100B7D4B1 /* GamePlayerViewController.swift */,
			);
			path = GamePlayer;
			sourceTree = "<group>";
		};
		BA0A65F3233F571700B7D4B1 /* GameFinish */ = {
			isa = PBXGroup;
			children = (
				BA0A660E233F5A1B00B7D4B1 /* GameFinish.storyboard */,
				BA0A6610233F5A4400B7D4B1 /* GameFinishViewController.swift */,
			);
			path = GameFinish;
			sourceTree = "<group>";
		};
		BA0A6612233FAF2800B7D4B1 /* CameraConfirm */ = {
			isa = PBXGroup;
			children = (
				BA0A6613233FAF3600B7D4B1 /* CameraConfirm.storyboard */,
				BA0A6617233FBDE000B7D4B1 /* CameraConfirmViewController.swift */,
			);
			path = CameraConfirm;
			sourceTree = "<group>";
		};
		BA0A66212340522900B7D4B1 /* Purchase */ = {
			isa = PBXGroup;
			children = (
				BA0A66222340525000B7D4B1 /* Purchase.storyboard */,
				BA0A66242340533200B7D4B1 /* PurchaseViewController.swift */,
				BA0A6626234054C400B7D4B1 /* PurchaseTableCell.xib */,
			);
			path = Purchase;
			sourceTree = "<group>";
		};
		BA0A66282340551B00B7D4B1 /* Marketing */ = {
			isa = PBXGroup;
			children = (
				BA0A66292340555000B7D4B1 /* Marketing.storyboard */,
				BA0A662B2340678D00B7D4B1 /* MarketingViewController.swift */,
				BA0A662D234068BA00B7D4B1 /* MarketingViewModel.swift */,
			);
			path = Marketing;
			sourceTree = "<group>";
		};
		BA76564D233DB81E00C0ADD1 /* Utils */ = {
			isa = PBXGroup;
			children = (
				BA76564E233DB85300C0ADD1 /* FirestoreManager.swift */,
				BA76565E233DC45000C0ADD1 /* CustomPresentationController.swift */,
				BA0A6615233FBC7A00B7D4B1 /* UIView+Gradation.swift */,
				BA0A661F2340470000B7D4B1 /* UIImage+extension.swift */,
			);
			path = Utils;
			sourceTree = "<group>";
		};
		BACCF54D233C8571000E83C8 = {
			isa = PBXGroup;
			children = (
				BACCF558233C8571000E83C8 /* SingaporeProject */,
				BACCF56D233C8572000E83C8 /* SingaporeProjectTests */,
				BACCF578233C8572000E83C8 /* SingaporeProjectUITests */,
				BACCF557233C8571000E83C8 /* Products */,
				BACCF587233C8854000E83C8 /* Frameworks */,
				712F7622595E44FA7BCCDA69 /* Pods */,
			);
			sourceTree = "<group>";
		};
		BACCF557233C8571000E83C8 /* Products */ = {
			isa = PBXGroup;
			children = (
				BACCF556233C8571000E83C8 /* SingaporeProject.app */,
				BACCF56A233C8572000E83C8 /* SingaporeProjectTests.xctest */,
				BACCF575233C8572000E83C8 /* SingaporeProjectUITests.xctest */,
			);
			name = Products;
			sourceTree = "<group>";
		};
		BACCF558233C8571000E83C8 /* SingaporeProject */ = {
			isa = PBXGroup;
			children = (
				BA0A66282340551B00B7D4B1 /* Marketing */,
				BA0A66212340522900B7D4B1 /* Purchase */,
				BA0A6612233FAF2800B7D4B1 /* CameraConfirm */,
				BA0A65F3233F571700B7D4B1 /* GameFinish */,
				BA0A65F2233F570D00B7D4B1 /* GamePlayer */,
				BA0A65F1233F570000B7D4B1 /* GameStart */,
				BA0A65F0233F569900B7D4B1 /* Camera */,
				BA0A65EF233F569000B7D4B1 /* ItemDetail */,
				BA0A65EE233F568700B7D4B1 /* Home */,
				BA76564D233DB81E00C0ADD1 /* Utils */,
				BACCF559233C8571000E83C8 /* AppDelegate.swift */,
				BACCF560233C8572000E83C8 /* Assets.xcassets */,
				BA0A661B2340416300B7D4B1 /* art.scnassets */,
				BACCF562233C8572000E83C8 /* LaunchScreen.storyboard */,
				BACCF565233C8572000E83C8 /* Info.plist */,
				BA765649233DB26800C0ADD1 /* GoogleService-Info.plist */,
				BA765640233DAA7300C0ADD1 /* R.generated.swift */,
				BA0A661D2340452E00B7D4B1 /* MobileNet.mlmodel */,
			);
			path = SingaporeProject;
			sourceTree = "<group>";
		};
		BACCF56D233C8572000E83C8 /* SingaporeProjectTests */ = {
			isa = PBXGroup;
			children = (
				BACCF56E233C8572000E83C8 /* SingaporeProjectTests.swift */,
				BACCF570233C8572000E83C8 /* Info.plist */,
			);
			path = SingaporeProjectTests;
			sourceTree = "<group>";
		};
		BACCF578233C8572000E83C8 /* SingaporeProjectUITests */ = {
			isa = PBXGroup;
			children = (
				BACCF579233C8572000E83C8 /* SingaporeProjectUITests.swift */,
				BACCF57B233C8572000E83C8 /* Info.plist */,
			);
			path = SingaporeProjectUITests;
			sourceTree = "<group>";
		};
		BACCF587233C8854000E83C8 /* Frameworks */ = {
			isa = PBXGroup;
			children = (
				BACCF59C233C88EC000E83C8 /* XLPagerTabStrip.framework */,
				BACCF59A233C88DC000E83C8 /* SVProgressHUD.framework */,
				BACCF598233C88CD000E83C8 /* SnapKit.framework */,
				BACCF596233C88BC000E83C8 /* RxSwift.framework */,
				BACCF594233C88AD000E83C8 /* RxCocoa.framework */,
				BACCF592233C889B000E83C8 /* ObjectMapper.framework */,
				BACCF590233C888C000E83C8 /* Kingfisher.framework */,
				BACCF58E233C887D000E83C8 /* FloatingPanel.framework */,
				BACCF58C233C886C000E83C8 /* AlamofireObjectMapper.framework */,
				BACCF58A233C885B000E83C8 /* Build */,
				BACCF588233C8854000E83C8 /* Alamofire.framework */,
				DDAA080908765DFA08612A0E /* Pods_SingaporeProject.framework */,
				F5400508A0B0908271B4FAE3 /* Pods_SingaporeProjectTests.framework */,
				6C8170E6C15368CF2BCD7354 /* Pods_SingaporeProjectUITests.framework */,
			);
			name = Frameworks;
			sourceTree = "<group>";
		};
/* End PBXGroup section */

/* Begin PBXNativeTarget section */
		BACCF555233C8571000E83C8 /* SingaporeProject */ = {
			isa = PBXNativeTarget;
			buildConfigurationList = BACCF57E233C8572000E83C8 /* Build configuration list for PBXNativeTarget "SingaporeProject" */;
			buildPhases = (
				D141E040D8157441292380FB /* [CP] Check Pods Manifest.lock */,
				BACCF59F233C8AB0000E83C8 /* ShellScript */,
				BACCF552233C8571000E83C8 /* Sources */,
				BACCF553233C8571000E83C8 /* Frameworks */,
				BACCF554233C8571000E83C8 /* Resources */,
				BACCF59E233C890D000E83C8 /* ShellScript */,
				01FD8E236B51E6D0D58496A3 /* [CP] Embed Pods Frameworks */,
			);
			buildRules = (
			);
			dependencies = (
			);
			name = SingaporeProject;
			productName = SingaporeProject;
			productReference = BACCF556233C8571000E83C8 /* SingaporeProject.app */;
			productType = "com.apple.product-type.application";
		};
		BACCF569233C8572000E83C8 /* SingaporeProjectTests */ = {
			isa = PBXNativeTarget;
			buildConfigurationList = BACCF581233C8572000E83C8 /* Build configuration list for PBXNativeTarget "SingaporeProjectTests" */;
			buildPhases = (
				4BC757182E7650F8FC959B6A /* [CP] Check Pods Manifest.lock */,
				BACCF566233C8572000E83C8 /* Sources */,
				BACCF567233C8572000E83C8 /* Frameworks */,
				BACCF568233C8572000E83C8 /* Resources */,
			);
			buildRules = (
			);
			dependencies = (
				BACCF56C233C8572000E83C8 /* PBXTargetDependency */,
			);
			name = SingaporeProjectTests;
			productName = SingaporeProjectTests;
			productReference = BACCF56A233C8572000E83C8 /* SingaporeProjectTests.xctest */;
			productType = "com.apple.product-type.bundle.unit-test";
		};
		BACCF574233C8572000E83C8 /* SingaporeProjectUITests */ = {
			isa = PBXNativeTarget;
			buildConfigurationList = BACCF584233C8572000E83C8 /* Build configuration list for PBXNativeTarget "SingaporeProjectUITests" */;
			buildPhases = (
				BF7C447090EEFEA98363BFB4 /* [CP] Check Pods Manifest.lock */,
				BACCF571233C8572000E83C8 /* Sources */,
				BACCF572233C8572000E83C8 /* Frameworks */,
				BACCF573233C8572000E83C8 /* Resources */,
			);
			buildRules = (
			);
			dependencies = (
				BACCF577233C8572000E83C8 /* PBXTargetDependency */,
			);
			name = SingaporeProjectUITests;
			productName = SingaporeProjectUITests;
			productReference = BACCF575233C8572000E83C8 /* SingaporeProjectUITests.xctest */;
			productType = "com.apple.product-type.bundle.ui-testing";
		};
/* End PBXNativeTarget section */

/* Begin PBXProject section */
		BACCF54E233C8571000E83C8 /* Project object */ = {
			isa = PBXProject;
			attributes = {
				LastSwiftUpdateCheck = 1020;
				LastUpgradeCheck = 1020;
				ORGANIZATIONNAME = "塗木冴";
				TargetAttributes = {
					BACCF555233C8571000E83C8 = {
						CreatedOnToolsVersion = 10.2.1;
					};
					BACCF569233C8572000E83C8 = {
						CreatedOnToolsVersion = 10.2.1;
						TestTargetID = BACCF555233C8571000E83C8;
					};
					BACCF574233C8572000E83C8 = {
						CreatedOnToolsVersion = 10.2.1;
						TestTargetID = BACCF555233C8571000E83C8;
					};
				};
			};
			buildConfigurationList = BACCF551233C8571000E83C8 /* Build configuration list for PBXProject "SingaporeProject" */;
			compatibilityVersion = "Xcode 9.3";
			developmentRegion = en;
			hasScannedForEncodings = 0;
			knownRegions = (
				en,
				Base,
			);
			mainGroup = BACCF54D233C8571000E83C8;
			productRefGroup = BACCF557233C8571000E83C8 /* Products */;
			projectDirPath = "";
			projectRoot = "";
			targets = (
				BACCF555233C8571000E83C8 /* SingaporeProject */,
				BACCF569233C8572000E83C8 /* SingaporeProjectTests */,
				BACCF574233C8572000E83C8 /* SingaporeProjectUITests */,
			);
		};
/* End PBXProject section */

/* Begin PBXResourcesBuildPhase section */
		BACCF554233C8571000E83C8 /* Resources */ = {
			isa = PBXResourcesBuildPhase;
			buildActionMask = 2147483647;
			files = (
				BA0A662A2340555000B7D4B1 /* Marketing.storyboard in Resources */,
				BA0A6609233F599A00B7D4B1 /* GamePlayer.storyboard in Resources */,
				BA0A65F9233F576B00B7D4B1 /* ItemDetail.storyboard in Resources */,
				BA0A6603233F596200B7D4B1 /* Camera.storyboard in Resources */,
				BACCF564233C8572000E83C8 /* LaunchScreen.storyboard in Resources */,
				BA0A6614233FAF3600B7D4B1 /* CameraConfirm.storyboard in Resources */,
				BA0A660F233F5A1B00B7D4B1 /* GameFinish.storyboard in Resources */,
				BA0A65F5233F572C00B7D4B1 /* Home.storyboard in Resources */,
				BA0A661C2340416400B7D4B1 /* art.scnassets in Resources */,
				BA0A66232340525000B7D4B1 /* Purchase.storyboard in Resources */,
				BA0A65FD233F581E00B7D4B1 /* GameStart.storyboard in Resources */,
				BACCF561233C8572000E83C8 /* Assets.xcassets in Resources */,
				BA0A6627234054C400B7D4B1 /* PurchaseTableCell.xib in Resources */,
				BA76564A233DB26800C0ADD1 /* GoogleService-Info.plist in Resources */,
			);
			runOnlyForDeploymentPostprocessing = 0;
		};
		BACCF568233C8572000E83C8 /* Resources */ = {
			isa = PBXResourcesBuildPhase;
			buildActionMask = 2147483647;
			files = (
			);
			runOnlyForDeploymentPostprocessing = 0;
		};
		BACCF573233C8572000E83C8 /* Resources */ = {
			isa = PBXResourcesBuildPhase;
			buildActionMask = 2147483647;
			files = (
			);
			runOnlyForDeploymentPostprocessing = 0;
		};
/* End PBXResourcesBuildPhase section */

/* Begin PBXShellScriptBuildPhase section */
		01FD8E236B51E6D0D58496A3 /* [CP] Embed Pods Frameworks */ = {
			isa = PBXShellScriptBuildPhase;
			buildActionMask = 2147483647;
			files = (
			);
			inputFileListPaths = (
				"${PODS_ROOT}/Target Support Files/Pods-SingaporeProject/Pods-SingaporeProject-frameworks-${CONFIGURATION}-input-files.xcfilelist",
			);
			name = "[CP] Embed Pods Frameworks";
			outputFileListPaths = (
				"${PODS_ROOT}/Target Support Files/Pods-SingaporeProject/Pods-SingaporeProject-frameworks-${CONFIGURATION}-output-files.xcfilelist",
			);
			runOnlyForDeploymentPostprocessing = 0;
			shellPath = /bin/sh;
			shellScript = "\"${PODS_ROOT}/Target Support Files/Pods-SingaporeProject/Pods-SingaporeProject-frameworks.sh\"\n";
			showEnvVarsInLog = 0;
		};
		4BC757182E7650F8FC959B6A /* [CP] Check Pods Manifest.lock */ = {
			isa = PBXShellScriptBuildPhase;
			buildActionMask = 2147483647;
			files = (
			);
			inputFileListPaths = (
			);
			inputPaths = (
				"${PODS_PODFILE_DIR_PATH}/Podfile.lock",
				"${PODS_ROOT}/Manifest.lock",
			);
			name = "[CP] Check Pods Manifest.lock";
			outputFileListPaths = (
			);
			outputPaths = (
				"$(DERIVED_FILE_DIR)/Pods-SingaporeProjectTests-checkManifestLockResult.txt",
			);
			runOnlyForDeploymentPostprocessing = 0;
			shellPath = /bin/sh;
			shellScript = "diff \"${PODS_PODFILE_DIR_PATH}/Podfile.lock\" \"${PODS_ROOT}/Manifest.lock\" > /dev/null\nif [ $? != 0 ] ; then\n    # print error to STDERR\n    echo \"error: The sandbox is not in sync with the Podfile.lock. Run 'pod install' or update your CocoaPods installation.\" >&2\n    exit 1\nfi\n# This output is used by Xcode 'outputs' to avoid re-running this script phase.\necho \"SUCCESS\" > \"${SCRIPT_OUTPUT_FILE_0}\"\n";
			showEnvVarsInLog = 0;
		};
		BACCF59E233C890D000E83C8 /* ShellScript */ = {
			isa = PBXShellScriptBuildPhase;
			buildActionMask = 2147483647;
			files = (
			);
			inputFileListPaths = (
			);
			inputPaths = (
				"$(SRCROOT)/Carthage/Build/iOS/RxCocoa.framework",
				"$(SRCROOT)/Carthage/Build/iOS/RxSwift.framework",
				"$(SRCROOT)/Carthage/Build/iOS/XLPagerTabStrip.framework",
				"$(SRCROOT)/Carthage/Build/iOS/Alamofire.framework",
				"$(SRCROOT)/Carthage/Build/iOS/Kingfisher.framework",
				"$(SRCROOT)/Carthage/Build/iOS/ObjectMapper.framework",
				"$(SRCROOT)/Carthage/Build/iOS/AlamofireObjectMapper.framework",
				"$(SRCROOT)/Carthage/Build/iOS/SnapKit.framework",
				"$(SRCROOT)/Carthage/Build/iOS/SVProgressHUD.framework",
				"$(SRCROOT)/Carthage/Build/iOS/FloatingPanel.framework",
			);
			outputFileListPaths = (
			);
			outputPaths = (
			);
			runOnlyForDeploymentPostprocessing = 0;
			shellPath = /bin/sh;
			shellScript = "/usr/local/bin/carthage copy-frameworks\n";
		};
		BACCF59F233C8AB0000E83C8 /* ShellScript */ = {
			isa = PBXShellScriptBuildPhase;
			buildActionMask = 2147483647;
			files = (
			);
			inputFileListPaths = (
			);
			inputPaths = (
				"$TEMP_DIR/rswift-lastrun",
			);
			outputFileListPaths = (
			);
			outputPaths = (
				"$SRCROOT/$PROJECT_NAME/R.generated.swift",
			);
			runOnlyForDeploymentPostprocessing = 0;
			shellPath = /bin/sh;
			shellScript = "\"$PODS_ROOT/R.swift/rswift\" generate \"$SRCROOT/$PROJECT_NAME/R.generated.swift\"\n";
		};
		BF7C447090EEFEA98363BFB4 /* [CP] Check Pods Manifest.lock */ = {
			isa = PBXShellScriptBuildPhase;
			buildActionMask = 2147483647;
			files = (
			);
			inputFileListPaths = (
			);
			inputPaths = (
				"${PODS_PODFILE_DIR_PATH}/Podfile.lock",
				"${PODS_ROOT}/Manifest.lock",
			);
			name = "[CP] Check Pods Manifest.lock";
			outputFileListPaths = (
			);
			outputPaths = (
				"$(DERIVED_FILE_DIR)/Pods-SingaporeProjectUITests-checkManifestLockResult.txt",
			);
			runOnlyForDeploymentPostprocessing = 0;
			shellPath = /bin/sh;
			shellScript = "diff \"${PODS_PODFILE_DIR_PATH}/Podfile.lock\" \"${PODS_ROOT}/Manifest.lock\" > /dev/null\nif [ $? != 0 ] ; then\n    # print error to STDERR\n    echo \"error: The sandbox is not in sync with the Podfile.lock. Run 'pod install' or update your CocoaPods installation.\" >&2\n    exit 1\nfi\n# This output is used by Xcode 'outputs' to avoid re-running this script phase.\necho \"SUCCESS\" > \"${SCRIPT_OUTPUT_FILE_0}\"\n";
			showEnvVarsInLog = 0;
		};
		D141E040D8157441292380FB /* [CP] Check Pods Manifest.lock */ = {
			isa = PBXShellScriptBuildPhase;
			buildActionMask = 2147483647;
			files = (
			);
			inputFileListPaths = (
			);
			inputPaths = (
				"${PODS_PODFILE_DIR_PATH}/Podfile.lock",
				"${PODS_ROOT}/Manifest.lock",
			);
			name = "[CP] Check Pods Manifest.lock";
			outputFileListPaths = (
			);
			outputPaths = (
				"$(DERIVED_FILE_DIR)/Pods-SingaporeProject-checkManifestLockResult.txt",
			);
			runOnlyForDeploymentPostprocessing = 0;
			shellPath = /bin/sh;
			shellScript = "diff \"${PODS_PODFILE_DIR_PATH}/Podfile.lock\" \"${PODS_ROOT}/Manifest.lock\" > /dev/null\nif [ $? != 0 ] ; then\n    # print error to STDERR\n    echo \"error: The sandbox is not in sync with the Podfile.lock. Run 'pod install' or update your CocoaPods installation.\" >&2\n    exit 1\nfi\n# This output is used by Xcode 'outputs' to avoid re-running this script phase.\necho \"SUCCESS\" > \"${SCRIPT_OUTPUT_FILE_0}\"\n";
			showEnvVarsInLog = 0;
		};
/* End PBXShellScriptBuildPhase section */

/* Begin PBXSourcesBuildPhase section */
		BACCF552233C8571000E83C8 /* Sources */ = {
			isa = PBXSourcesBuildPhase;
			buildActionMask = 2147483647;
			files = (
				BA0A662C2340678D00B7D4B1 /* MarketingViewController.swift in Sources */,
				BA0A661E2340452F00B7D4B1 /* MobileNet.mlmodel in Sources */,
				BA0A66252340533200B7D4B1 /* PurchaseViewController.swift in Sources */,
				BA76564F233DB85300C0ADD1 /* FirestoreManager.swift in Sources */,
				A0DB9063233F750E007874B3 /* GameStartViewController.swift in Sources */,
				BA0A6616233FBC7A00B7D4B1 /* UIView+Gradation.swift in Sources */,
				BA76565F233DC45000C0ADD1 /* CustomPresentationController.swift in Sources */,
				BA0A662E234068BA00B7D4B1 /* MarketingViewModel.swift in Sources */,
				BA0A65F7233F575700B7D4B1 /* HomeViewController.swift in Sources */,
				BA0A660B233F59C100B7D4B1 /* GamePlayerViewController.swift in Sources */,
				BA0A6618233FBDE000B7D4B1 /* CameraConfirmViewController.swift in Sources */,
				BA0A65FB233F578E00B7D4B1 /* ItemDetailViewController.swift in Sources */,
				BA0A6607233F598900B7D4B1 /* CameraViewModel.swift in Sources */,
				BA0A66202340470000B7D4B1 /* UIImage+extension.swift in Sources */,
				BACCF55A233C8571000E83C8 /* AppDelegate.swift in Sources */,
				BA0A6601233F583E00B7D4B1 /* GameViewModel.swift in Sources */,
				BA0A6605233F597F00B7D4B1 /* CameraViewController.swift in Sources */,
				BA765641233DAA7400C0ADD1 /* R.generated.swift in Sources */,
				BA0A6611233F5A4400B7D4B1 /* GameFinishViewController.swift in Sources */,
			);
			runOnlyForDeploymentPostprocessing = 0;
		};
		BACCF566233C8572000E83C8 /* Sources */ = {
			isa = PBXSourcesBuildPhase;
			buildActionMask = 2147483647;
			files = (
				BACCF56F233C8572000E83C8 /* SingaporeProjectTests.swift in Sources */,
			);
			runOnlyForDeploymentPostprocessing = 0;
		};
		BACCF571233C8572000E83C8 /* Sources */ = {
			isa = PBXSourcesBuildPhase;
			buildActionMask = 2147483647;
			files = (
				BACCF57A233C8572000E83C8 /* SingaporeProjectUITests.swift in Sources */,
			);
			runOnlyForDeploymentPostprocessing = 0;
		};
/* End PBXSourcesBuildPhase section */

/* Begin PBXTargetDependency section */
		BACCF56C233C8572000E83C8 /* PBXTargetDependency */ = {
			isa = PBXTargetDependency;
			target = BACCF555233C8571000E83C8 /* SingaporeProject */;
			targetProxy = BACCF56B233C8572000E83C8 /* PBXContainerItemProxy */;
		};
		BACCF577233C8572000E83C8 /* PBXTargetDependency */ = {
			isa = PBXTargetDependency;
			target = BACCF555233C8571000E83C8 /* SingaporeProject */;
			targetProxy = BACCF576233C8572000E83C8 /* PBXContainerItemProxy */;
		};
/* End PBXTargetDependency section */

/* Begin PBXVariantGroup section */
		BACCF562233C8572000E83C8 /* LaunchScreen.storyboard */ = {
			isa = PBXVariantGroup;
			children = (
				BACCF563233C8572000E83C8 /* Base */,
			);
			name = LaunchScreen.storyboard;
			sourceTree = "<group>";
		};
/* End PBXVariantGroup section */

/* Begin XCBuildConfiguration section */
		BACCF57C233C8572000E83C8 /* Debug */ = {
			isa = XCBuildConfiguration;
			buildSettings = {
				ALWAYS_SEARCH_USER_PATHS = NO;
				CLANG_ANALYZER_NONNULL = YES;
				CLANG_ANALYZER_NUMBER_OBJECT_CONVERSION = YES_AGGRESSIVE;
				CLANG_CXX_LANGUAGE_STANDARD = "gnu++14";
				CLANG_CXX_LIBRARY = "libc++";
				CLANG_ENABLE_MODULES = YES;
				CLANG_ENABLE_OBJC_ARC = YES;
				CLANG_ENABLE_OBJC_WEAK = YES;
				CLANG_WARN_BLOCK_CAPTURE_AUTORELEASING = YES;
				CLANG_WARN_BOOL_CONVERSION = YES;
				CLANG_WARN_COMMA = YES;
				CLANG_WARN_CONSTANT_CONVERSION = YES;
				CLANG_WARN_DEPRECATED_OBJC_IMPLEMENTATIONS = YES;
				CLANG_WARN_DIRECT_OBJC_ISA_USAGE = YES_ERROR;
				CLANG_WARN_DOCUMENTATION_COMMENTS = YES;
				CLANG_WARN_EMPTY_BODY = YES;
				CLANG_WARN_ENUM_CONVERSION = YES;
				CLANG_WARN_INFINITE_RECURSION = YES;
				CLANG_WARN_INT_CONVERSION = YES;
				CLANG_WARN_NON_LITERAL_NULL_CONVERSION = YES;
				CLANG_WARN_OBJC_IMPLICIT_RETAIN_SELF = YES;
				CLANG_WARN_OBJC_LITERAL_CONVERSION = YES;
				CLANG_WARN_OBJC_ROOT_CLASS = YES_ERROR;
				CLANG_WARN_RANGE_LOOP_ANALYSIS = YES;
				CLANG_WARN_STRICT_PROTOTYPES = YES;
				CLANG_WARN_SUSPICIOUS_MOVE = YES;
				CLANG_WARN_UNGUARDED_AVAILABILITY = YES_AGGRESSIVE;
				CLANG_WARN_UNREACHABLE_CODE = YES;
				CLANG_WARN__DUPLICATE_METHOD_MATCH = YES;
				CODE_SIGN_IDENTITY = "iPhone Developer";
				COPY_PHASE_STRIP = NO;
				DEBUG_INFORMATION_FORMAT = dwarf;
				ENABLE_STRICT_OBJC_MSGSEND = YES;
				ENABLE_TESTABILITY = YES;
				GCC_C_LANGUAGE_STANDARD = gnu11;
				GCC_DYNAMIC_NO_PIC = NO;
				GCC_NO_COMMON_BLOCKS = YES;
				GCC_OPTIMIZATION_LEVEL = 0;
				GCC_PREPROCESSOR_DEFINITIONS = (
					"DEBUG=1",
					"$(inherited)",
				);
				GCC_WARN_64_TO_32_BIT_CONVERSION = YES;
				GCC_WARN_ABOUT_RETURN_TYPE = YES_ERROR;
				GCC_WARN_UNDECLARED_SELECTOR = YES;
				GCC_WARN_UNINITIALIZED_AUTOS = YES_AGGRESSIVE;
				GCC_WARN_UNUSED_FUNCTION = YES;
				GCC_WARN_UNUSED_VARIABLE = YES;
				IPHONEOS_DEPLOYMENT_TARGET = 12.2;
				MTL_ENABLE_DEBUG_INFO = INCLUDE_SOURCE;
				MTL_FAST_MATH = YES;
				ONLY_ACTIVE_ARCH = YES;
				SDKROOT = iphoneos;
				SWIFT_ACTIVE_COMPILATION_CONDITIONS = DEBUG;
				SWIFT_OPTIMIZATION_LEVEL = "-Onone";
			};
			name = Debug;
		};
		BACCF57D233C8572000E83C8 /* Release */ = {
			isa = XCBuildConfiguration;
			buildSettings = {
				ALWAYS_SEARCH_USER_PATHS = NO;
				CLANG_ANALYZER_NONNULL = YES;
				CLANG_ANALYZER_NUMBER_OBJECT_CONVERSION = YES_AGGRESSIVE;
				CLANG_CXX_LANGUAGE_STANDARD = "gnu++14";
				CLANG_CXX_LIBRARY = "libc++";
				CLANG_ENABLE_MODULES = YES;
				CLANG_ENABLE_OBJC_ARC = YES;
				CLANG_ENABLE_OBJC_WEAK = YES;
				CLANG_WARN_BLOCK_CAPTURE_AUTORELEASING = YES;
				CLANG_WARN_BOOL_CONVERSION = YES;
				CLANG_WARN_COMMA = YES;
				CLANG_WARN_CONSTANT_CONVERSION = YES;
				CLANG_WARN_DEPRECATED_OBJC_IMPLEMENTATIONS = YES;
				CLANG_WARN_DIRECT_OBJC_ISA_USAGE = YES_ERROR;
				CLANG_WARN_DOCUMENTATION_COMMENTS = YES;
				CLANG_WARN_EMPTY_BODY = YES;
				CLANG_WARN_ENUM_CONVERSION = YES;
				CLANG_WARN_INFINITE_RECURSION = YES;
				CLANG_WARN_INT_CONVERSION = YES;
				CLANG_WARN_NON_LITERAL_NULL_CONVERSION = YES;
				CLANG_WARN_OBJC_IMPLICIT_RETAIN_SELF = YES;
				CLANG_WARN_OBJC_LITERAL_CONVERSION = YES;
				CLANG_WARN_OBJC_ROOT_CLASS = YES_ERROR;
				CLANG_WARN_RANGE_LOOP_ANALYSIS = YES;
				CLANG_WARN_STRICT_PROTOTYPES = YES;
				CLANG_WARN_SUSPICIOUS_MOVE = YES;
				CLANG_WARN_UNGUARDED_AVAILABILITY = YES_AGGRESSIVE;
				CLANG_WARN_UNREACHABLE_CODE = YES;
				CLANG_WARN__DUPLICATE_METHOD_MATCH = YES;
				CODE_SIGN_IDENTITY = "iPhone Developer";
				COPY_PHASE_STRIP = NO;
				DEBUG_INFORMATION_FORMAT = "dwarf-with-dsym";
				ENABLE_NS_ASSERTIONS = NO;
				ENABLE_STRICT_OBJC_MSGSEND = YES;
				GCC_C_LANGUAGE_STANDARD = gnu11;
				GCC_NO_COMMON_BLOCKS = YES;
				GCC_WARN_64_TO_32_BIT_CONVERSION = YES;
				GCC_WARN_ABOUT_RETURN_TYPE = YES_ERROR;
				GCC_WARN_UNDECLARED_SELECTOR = YES;
				GCC_WARN_UNINITIALIZED_AUTOS = YES_AGGRESSIVE;
				GCC_WARN_UNUSED_FUNCTION = YES;
				GCC_WARN_UNUSED_VARIABLE = YES;
				IPHONEOS_DEPLOYMENT_TARGET = 12.2;
				MTL_ENABLE_DEBUG_INFO = NO;
				MTL_FAST_MATH = YES;
				SDKROOT = iphoneos;
				SWIFT_COMPILATION_MODE = wholemodule;
				SWIFT_OPTIMIZATION_LEVEL = "-O";
				VALIDATE_PRODUCT = YES;
			};
			name = Release;
		};
		BACCF57F233C8572000E83C8 /* Debug */ = {
			isa = XCBuildConfiguration;
			baseConfigurationReference = 761323094688A38CE5D64C76 /* Pods-SingaporeProject.debug.xcconfig */;
			buildSettings = {
				ASSETCATALOG_COMPILER_APPICON_NAME = AppIcon;
				CODE_SIGN_IDENTITY = "iPhone Developer";
				CODE_SIGN_STYLE = Automatic;
				DEVELOPMENT_TEAM = 679U29FZ6S;
				FRAMEWORK_SEARCH_PATHS = (
					"$(inherited)",
					"$(PROJECT_DIR)/Carthage/Build/iOS",
				);
				INFOPLIST_FILE = SingaporeProject/Info.plist;
				IPHONEOS_DEPLOYMENT_TARGET = 12.0;
				LD_RUNPATH_SEARCH_PATHS = (
					"$(inherited)",
					"@executable_path/Frameworks",
				);
				PRODUCT_BUNDLE_IDENTIFIER = jp.co.junctionx.SingaporeProject;
				PRODUCT_NAME = "$(TARGET_NAME)";
				PROVISIONING_PROFILE_SPECIFIER = "";
				SWIFT_VERSION = 5.0;
				TARGETED_DEVICE_FAMILY = "1,2";
			};
			name = Debug;
		};
		BACCF580233C8572000E83C8 /* Release */ = {
			isa = XCBuildConfiguration;
			baseConfigurationReference = 645F046212636E883AE7C6F8 /* Pods-SingaporeProject.release.xcconfig */;
			buildSettings = {
				ASSETCATALOG_COMPILER_APPICON_NAME = AppIcon;
				CODE_SIGN_IDENTITY = "iPhone Developer";
				CODE_SIGN_STYLE = Automatic;
				DEVELOPMENT_TEAM = 679U29FZ6S;
				FRAMEWORK_SEARCH_PATHS = (
					"$(inherited)",
					"$(PROJECT_DIR)/Carthage/Build/iOS",
				);
				INFOPLIST_FILE = SingaporeProject/Info.plist;
				IPHONEOS_DEPLOYMENT_TARGET = 12.0;
				LD_RUNPATH_SEARCH_PATHS = (
					"$(inherited)",
					"@executable_path/Frameworks",
				);
				PRODUCT_BUNDLE_IDENTIFIER = jp.co.junctionx.SingaporeProject;
				PRODUCT_NAME = "$(TARGET_NAME)";
				PROVISIONING_PROFILE_SPECIFIER = "";
				SWIFT_VERSION = 5.0;
				TARGETED_DEVICE_FAMILY = "1,2";
			};
			name = Release;
		};
		BACCF582233C8572000E83C8 /* Debug */ = {
			isa = XCBuildConfiguration;
			baseConfigurationReference = 2DFCFAFAD5C5A34D1F39DADC /* Pods-SingaporeProjectTests.debug.xcconfig */;
			buildSettings = {
				ALWAYS_EMBED_SWIFT_STANDARD_LIBRARIES = YES;
				BUNDLE_LOADER = "$(TEST_HOST)";
				CODE_SIGN_STYLE = Automatic;
				DEVELOPMENT_TEAM = 679U29FZ6S;
				INFOPLIST_FILE = SingaporeProjectTests/Info.plist;
				LD_RUNPATH_SEARCH_PATHS = (
					"$(inherited)",
					"@executable_path/Frameworks",
					"@loader_path/Frameworks",
				);
				PRODUCT_BUNDLE_IDENTIFIER = saenuruki.SingaporeProjectTests;
				PRODUCT_NAME = "$(TARGET_NAME)";
				SWIFT_VERSION = 5.0;
				TARGETED_DEVICE_FAMILY = "1,2";
				TEST_HOST = "$(BUILT_PRODUCTS_DIR)/SingaporeProject.app/SingaporeProject";
			};
			name = Debug;
		};
		BACCF583233C8572000E83C8 /* Release */ = {
			isa = XCBuildConfiguration;
			baseConfigurationReference = 34F5CDDC58E77AEBCDD34391 /* Pods-SingaporeProjectTests.release.xcconfig */;
			buildSettings = {
				ALWAYS_EMBED_SWIFT_STANDARD_LIBRARIES = YES;
				BUNDLE_LOADER = "$(TEST_HOST)";
				CODE_SIGN_STYLE = Automatic;
				DEVELOPMENT_TEAM = 679U29FZ6S;
				INFOPLIST_FILE = SingaporeProjectTests/Info.plist;
				LD_RUNPATH_SEARCH_PATHS = (
					"$(inherited)",
					"@executable_path/Frameworks",
					"@loader_path/Frameworks",
				);
				PRODUCT_BUNDLE_IDENTIFIER = saenuruki.SingaporeProjectTests;
				PRODUCT_NAME = "$(TARGET_NAME)";
				SWIFT_VERSION = 5.0;
				TARGETED_DEVICE_FAMILY = "1,2";
				TEST_HOST = "$(BUILT_PRODUCTS_DIR)/SingaporeProject.app/SingaporeProject";
			};
			name = Release;
		};
		BACCF585233C8572000E83C8 /* Debug */ = {
			isa = XCBuildConfiguration;
			baseConfigurationReference = 602AAC07DBC6A8E01419C17E /* Pods-SingaporeProjectUITests.debug.xcconfig */;
			buildSettings = {
				ALWAYS_EMBED_SWIFT_STANDARD_LIBRARIES = YES;
				CODE_SIGN_STYLE = Automatic;
				DEVELOPMENT_TEAM = 679U29FZ6S;
				INFOPLIST_FILE = SingaporeProjectUITests/Info.plist;
				LD_RUNPATH_SEARCH_PATHS = (
					"$(inherited)",
					"@executable_path/Frameworks",
					"@loader_path/Frameworks",
				);
				PRODUCT_BUNDLE_IDENTIFIER = saenuruki.SingaporeProjectUITests;
				PRODUCT_NAME = "$(TARGET_NAME)";
				SWIFT_VERSION = 5.0;
				TARGETED_DEVICE_FAMILY = "1,2";
				TEST_TARGET_NAME = SingaporeProject;
			};
			name = Debug;
		};
		BACCF586233C8572000E83C8 /* Release */ = {
			isa = XCBuildConfiguration;
			baseConfigurationReference = 6F469471E77E333F1CBEA385 /* Pods-SingaporeProjectUITests.release.xcconfig */;
			buildSettings = {
				ALWAYS_EMBED_SWIFT_STANDARD_LIBRARIES = YES;
				CODE_SIGN_STYLE = Automatic;
				DEVELOPMENT_TEAM = 679U29FZ6S;
				INFOPLIST_FILE = SingaporeProjectUITests/Info.plist;
				LD_RUNPATH_SEARCH_PATHS = (
					"$(inherited)",
					"@executable_path/Frameworks",
					"@loader_path/Frameworks",
				);
				PRODUCT_BUNDLE_IDENTIFIER = saenuruki.SingaporeProjectUITests;
				PRODUCT_NAME = "$(TARGET_NAME)";
				SWIFT_VERSION = 5.0;
				TARGETED_DEVICE_FAMILY = "1,2";
				TEST_TARGET_NAME = SingaporeProject;
			};
			name = Release;
		};
/* End XCBuildConfiguration section */

/* Begin XCConfigurationList section */
		BACCF551233C8571000E83C8 /* Build configuration list for PBXProject "SingaporeProject" */ = {
			isa = XCConfigurationList;
			buildConfigurations = (
				BACCF57C233C8572000E83C8 /* Debug */,
				BACCF57D233C8572000E83C8 /* Release */,
			);
			defaultConfigurationIsVisible = 0;
			defaultConfigurationName = Release;
		};
		BACCF57E233C8572000E83C8 /* Build configuration list for PBXNativeTarget "SingaporeProject" */ = {
			isa = XCConfigurationList;
			buildConfigurations = (
				BACCF57F233C8572000E83C8 /* Debug */,
				BACCF580233C8572000E83C8 /* Release */,
			);
			defaultConfigurationIsVisible = 0;
			defaultConfigurationName = Release;
		};
		BACCF581233C8572000E83C8 /* Build configuration list for PBXNativeTarget "SingaporeProjectTests" */ = {
			isa = XCConfigurationList;
			buildConfigurations = (
				BACCF582233C8572000E83C8 /* Debug */,
				BACCF583233C8572000E83C8 /* Release */,
			);
			defaultConfigurationIsVisible = 0;
			defaultConfigurationName = Release;
		};
		BACCF584233C8572000E83C8 /* Build configuration list for PBXNativeTarget "SingaporeProjectUITests" */ = {
			isa = XCConfigurationList;
			buildConfigurations = (
				BACCF585233C8572000E83C8 /* Debug */,
				BACCF586233C8572000E83C8 /* Release */,
			);
			defaultConfigurationIsVisible = 0;
			defaultConfigurationName = Release;
		};
/* End XCConfigurationList section */
	};
	rootObject = BACCF54E233C8571000E83C8 /* Project object */;
}
